// !$*UTF8*$!
{
	archiveVersion = 1;
	classes = {
	};
	objectVersion = 55;
	objects = {

/* Begin PBXBuildFile section */
		1611E26D27B0CFCD003869FF /* Recipe.swift in Sources */ = {isa = PBXBuildFile; fileRef = 1611E26927B0CFCD003869FF /* Recipe.swift */; };
		1611E26E27B0CFCD003869FF /* Ingredient.swift in Sources */ = {isa = PBXBuildFile; fileRef = 1611E26A27B0CFCD003869FF /* Ingredient.swift */; };
		1611E26F27B0CFCD003869FF /* Instruction.swift in Sources */ = {isa = PBXBuildFile; fileRef = 1611E26B27B0CFCD003869FF /* Instruction.swift */; };
		1611E27027B0CFCD003869FF /* RecipeComponent.swift in Sources */ = {isa = PBXBuildFile; fileRef = 1611E26C27B0CFCD003869FF /* RecipeComponent.swift */; };
		1611E28127B0D11C003869FF /* Instruction.swift in Sources */ = {isa = PBXBuildFile; fileRef = 1611E27C27B0D11C003869FF /* Instruction.swift */; };
		1611E28227B0D11C003869FF /* RecipeComponent.swift in Sources */ = {isa = PBXBuildFile; fileRef = 1611E27D27B0D11C003869FF /* RecipeComponent.swift */; };
		1611E28327B0D11C003869FF /* RecipePreviewData.swift in Sources */ = {isa = PBXBuildFile; fileRef = 1611E27E27B0D11C003869FF /* RecipePreviewData.swift */; };
		1611E28427B0D11C003869FF /* Recipe.swift in Sources */ = {isa = PBXBuildFile; fileRef = 1611E27F27B0D11C003869FF /* Recipe.swift */; };
		1611E28527B0D11C003869FF /* Ingredient.swift in Sources */ = {isa = PBXBuildFile; fileRef = 1611E28027B0D11C003869FF /* Ingredient.swift */; };
		16315BEF27A3B50100C51B63 /* HW2App.swift in Sources */ = {isa = PBXBuildFile; fileRef = 16315BEE27A3B50100C51B63 /* HW2App.swift */; };
		16315BF327A3B50200C51B63 /* Assets.xcassets in Resources */ = {isa = PBXBuildFile; fileRef = 16315BF227A3B50200C51B63 /* Assets.xcassets */; };
		16315BF627A3B50200C51B63 /* Preview Assets.xcassets in Resources */ = {isa = PBXBuildFile; fileRef = 16315BF527A3B50200C51B63 /* Preview Assets.xcassets */; };
		16315C0C27A3C7AF00C51B63 /* RecipePreviewData.swift in Sources */ = {isa = PBXBuildFile; fileRef = 16315C0B27A3C7AF00C51B63 /* RecipePreviewData.swift */; };
		16E2272727A73D62009557B6 /* RecipeList.swift in Sources */ = {isa = PBXBuildFile; fileRef = 16E2272627A73D62009557B6 /* RecipeList.swift */; };
		16E2272927A75D89009557B6 /* RecipeDetail.swift in Sources */ = {isa = PBXBuildFile; fileRef = 16E2272827A75D89009557B6 /* RecipeDetail.swift */; };
		16E2272B27A78123009557B6 /* TagView.swift in Sources */ = {isa = PBXBuildFile; fileRef = 16E2272A27A78123009557B6 /* TagView.swift */; };
		16E2272F27A7EEB1009557B6 /* RecipeRow.swift in Sources */ = {isa = PBXBuildFile; fileRef = 16E2272E27A7EEB1009557B6 /* RecipeRow.swift */; };
/* End PBXBuildFile section */

/* Begin PBXFileReference section */
		1611E26927B0CFCD003869FF /* Recipe.swift */ = {isa = PBXFileReference; fileEncoding = 4; lastKnownFileType = sourcecode.swift; name = Recipe.swift; path = ../../../../hw3/HW3/HW3/Model/Recipe.swift; sourceTree = "<group>"; };
		1611E26A27B0CFCD003869FF /* Ingredient.swift */ = {isa = PBXFileReference; fileEncoding = 4; lastKnownFileType = sourcecode.swift; name = Ingredient.swift; path = ../../../../hw3/HW3/HW3/Model/Ingredient.swift; sourceTree = "<group>"; };
		1611E26B27B0CFCD003869FF /* Instruction.swift */ = {isa = PBXFileReference; fileEncoding = 4; lastKnownFileType = sourcecode.swift; name = Instruction.swift; path = ../../../../hw3/HW3/HW3/Model/Instruction.swift; sourceTree = "<group>"; };
		1611E26C27B0CFCD003869FF /* RecipeComponent.swift */ = {isa = PBXFileReference; fileEncoding = 4; lastKnownFileType = sourcecode.swift; name = RecipeComponent.swift; path = ../../../../hw3/HW3/HW3/Model/RecipeComponent.swift; sourceTree = "<group>"; };
		1611E27C27B0D11C003869FF /* Instruction.swift */ = {isa = PBXFileReference; fileEncoding = 4; lastKnownFileType = sourcecode.swift; name = Instruction.swift; path = ../../../hw3/HW3/HW3/Model/Instruction.swift; sourceTree = "<group>"; };
		1611E27D27B0D11C003869FF /* RecipeComponent.swift */ = {isa = PBXFileReference; fileEncoding = 4; lastKnownFileType = sourcecode.swift; name = RecipeComponent.swift; path = ../../../hw3/HW3/HW3/Model/RecipeComponent.swift; sourceTree = "<group>"; };
		1611E27E27B0D11C003869FF /* RecipePreviewData.swift */ = {isa = PBXFileReference; fileEncoding = 4; lastKnownFileType = sourcecode.swift; name = RecipePreviewData.swift; path = ../../RecipePreviewData.swift; sourceTree = "<group>"; };
		1611E27F27B0D11C003869FF /* Recipe.swift */ = {isa = PBXFileReference; fileEncoding = 4; lastKnownFileType = sourcecode.swift; name = Recipe.swift; path = ../../../hw3/HW3/HW3/Model/Recipe.swift; sourceTree = "<group>"; };
		1611E28027B0D11C003869FF /* Ingredient.swift */ = {isa = PBXFileReference; fileEncoding = 4; lastKnownFileType = sourcecode.swift; path = Ingredient.swift; sourceTree = "<group>"; };
		16315BEB27A3B50100C51B63 /* HW2.app */ = {isa = PBXFileReference; explicitFileType = wrapper.application; includeInIndex = 0; path = HW2.app; sourceTree = BUILT_PRODUCTS_DIR; };
		16315BEE27A3B50100C51B63 /* HW2App.swift */ = {isa = PBXFileReference; lastKnownFileType = sourcecode.swift; path = HW2App.swift; sourceTree = "<group>"; };
		16315BF227A3B50200C51B63 /* Assets.xcassets */ = {isa = PBXFileReference; lastKnownFileType = folder.assetcatalog; path = Assets.xcassets; sourceTree = "<group>"; };
		16315BF527A3B50200C51B63 /* Preview Assets.xcassets */ = {isa = PBXFileReference; lastKnownFileType = folder.assetcatalog; path = "Preview Assets.xcassets"; sourceTree = "<group>"; };
		16315C0B27A3C7AF00C51B63 /* RecipePreviewData.swift */ = {isa = PBXFileReference; fileEncoding = 4; lastKnownFileType = sourcecode.swift; name = RecipePreviewData.swift; path = ../../../RecipePreviewData.swift; sourceTree = "<group>"; };
		16E2272627A73D62009557B6 /* RecipeList.swift */ = {isa = PBXFileReference; lastKnownFileType = sourcecode.swift; path = RecipeList.swift; sourceTree = "<group>"; };
		16E2272827A75D89009557B6 /* RecipeDetail.swift */ = {isa = PBXFileReference; lastKnownFileType = sourcecode.swift; path = RecipeDetail.swift; sourceTree = "<group>"; };
		16E2272A27A78123009557B6 /* TagView.swift */ = {isa = PBXFileReference; lastKnownFileType = sourcecode.swift; path = TagView.swift; sourceTree = "<group>"; };
		16E2272E27A7EEB1009557B6 /* RecipeRow.swift */ = {isa = PBXFileReference; lastKnownFileType = sourcecode.swift; path = RecipeRow.swift; sourceTree = "<group>"; };
/* End PBXFileReference section */

/* Begin PBXFrameworksBuildPhase section */
		16315BE827A3B50100C51B63 /* Frameworks */ = {
			isa = PBXFrameworksBuildPhase;
			buildActionMask = 2147483647;
			files = (
			);
			runOnlyForDeploymentPostprocessing = 0;
		};
/* End PBXFrameworksBuildPhase section */

/* Begin PBXGroup section */
		1611E28627B0D129003869FF /* Model */ = {
			isa = PBXGroup;
			children = (
			);
			path = Model;
			sourceTree = "<group>";
		};
		16315BE227A3B50100C51B63 = {
			isa = PBXGroup;
			children = (
				16315BED27A3B50100C51B63 /* HW2 */,
				16315BEC27A3B50100C51B63 /* Products */,
			);
			sourceTree = "<group>";
		};
		16315BEC27A3B50100C51B63 /* Products */ = {
			isa = PBXGroup;
			children = (
				16315BEB27A3B50100C51B63 /* HW2.app */,
			);
			name = Products;
			sourceTree = "<group>";
		};
		16315BED27A3B50100C51B63 /* HW2 */ = {
			isa = PBXGroup;
			children = (
				16315BEE27A3B50100C51B63 /* HW2App.swift */,
				16E2272627A73D62009557B6 /* RecipeList.swift */,
				16E2272E27A7EEB1009557B6 /* RecipeRow.swift */,
				16E2272A27A78123009557B6 /* TagView.swift */,
				16E2272827A75D89009557B6 /* RecipeDetail.swift */,
				1611E27C27B0D11C003869FF /* Instruction.swift */,
				1611E27F27B0D11C003869FF /* Recipe.swift */,
				1611E27D27B0D11C003869FF /* RecipeComponent.swift */,
				1611E28027B0D11C003869FF /* Ingredient.swift */,
				1611E27E27B0D11C003869FF /* RecipePreviewData.swift */,
				1611E28627B0D129003869FF /* Model */,
				16315BF227A3B50200C51B63 /* Assets.xcassets */,
				16315BF427A3B50200C51B63 /* Preview Content */,
				16315BFC27A3B54900C51B63 /* Model */,
			);
			path = HW2;
			sourceTree = "<group>";
		};
		16315BF427A3B50200C51B63 /* Preview Content */ = {
			isa = PBXGroup;
			children = (
				16315BF527A3B50200C51B63 /* Preview Assets.xcassets */,
			);
			path = "Preview Content";
			sourceTree = "<group>";
		};
		16315BFC27A3B54900C51B63 /* Model */ = {
			isa = PBXGroup;
			children = (
				1611E26A27B0CFCD003869FF /* Ingredient.swift */,
				1611E26B27B0CFCD003869FF /* Instruction.swift */,
				1611E26927B0CFCD003869FF /* Recipe.swift */,
				1611E26C27B0CFCD003869FF /* RecipeComponent.swift */,
				16315C0B27A3C7AF00C51B63 /* RecipePreviewData.swift */,
			);
			path = Model;
			sourceTree = "<group>";
		};
/* End PBXGroup section */

/* Begin PBXNativeTarget section */
		16315BEA27A3B50100C51B63 /* HW2 */ = {
			isa = PBXNativeTarget;
			buildConfigurationList = 16315BF927A3B50200C51B63 /* Build configuration list for PBXNativeTarget "HW2" */;
			buildPhases = (
				16315BE727A3B50100C51B63 /* Sources */,
				16315BE827A3B50100C51B63 /* Frameworks */,
				16315BE927A3B50100C51B63 /* Resources */,
			);
			buildRules = (
			);
			dependencies = (
			);
			name = HW2;
			productName = HW2;
			productReference = 16315BEB27A3B50100C51B63 /* HW2.app */;
			productType = "com.apple.product-type.application";
		};
/* End PBXNativeTarget section */

/* Begin PBXProject section */
		16315BE327A3B50100C51B63 /* Project object */ = {
			isa = PBXProject;
			attributes = {
				BuildIndependentTargetsInParallel = 1;
				LastSwiftUpdateCheck = 1320;
				LastUpgradeCheck = 1320;
				TargetAttributes = {
					16315BEA27A3B50100C51B63 = {
						CreatedOnToolsVersion = 13.2.1;
					};
				};
			};
			buildConfigurationList = 16315BE627A3B50100C51B63 /* Build configuration list for PBXProject "HW2" */;
			compatibilityVersion = "Xcode 13.0";
			developmentRegion = en;
			hasScannedForEncodings = 0;
			knownRegions = (
				en,
				Base,
			);
			mainGroup = 16315BE227A3B50100C51B63;
			productRefGroup = 16315BEC27A3B50100C51B63 /* Products */;
			projectDirPath = "";
			projectRoot = "";
			targets = (
				16315BEA27A3B50100C51B63 /* HW2 */,
			);
		};
/* End PBXProject section */

/* Begin PBXResourcesBuildPhase section */
		16315BE927A3B50100C51B63 /* Resources */ = {
			isa = PBXResourcesBuildPhase;
			buildActionMask = 2147483647;
			files = (
				16315BF627A3B50200C51B63 /* Preview Assets.xcassets in Resources */,
				16315BF327A3B50200C51B63 /* Assets.xcassets in Resources */,
			);
			runOnlyForDeploymentPostprocessing = 0;
		};
/* End PBXResourcesBuildPhase section */

/* Begin PBXSourcesBuildPhase section */
		16315BE727A3B50100C51B63 /* Sources */ = {
			isa = PBXSourcesBuildPhase;
			buildActionMask = 2147483647;
			files = (
				16E2272B27A78123009557B6 /* TagView.swift in Sources */,
				16E2272927A75D89009557B6 /* RecipeDetail.swift in Sources */,
				1611E28527B0D11C003869FF /* Ingredient.swift in Sources */,
				16E2272F27A7EEB1009557B6 /* RecipeRow.swift in Sources */,
				16315C0C27A3C7AF00C51B63 /* RecipePreviewData.swift in Sources */,
				1611E28127B0D11C003869FF /* Instruction.swift in Sources */,
				16E2272727A73D62009557B6 /* RecipeList.swift in Sources */,
				1611E26E27B0CFCD003869FF /* Ingredient.swift in Sources */,
				1611E28227B0D11C003869FF /* RecipeComponent.swift in Sources */,
				1611E26F27B0CFCD003869FF /* Instruction.swift in Sources */,
				1611E28427B0D11C003869FF /* Recipe.swift in Sources */,
				16315BEF27A3B50100C51B63 /* HW2App.swift in Sources */,
				1611E26D27B0CFCD003869FF /* Recipe.swift in Sources */,
				1611E28327B0D11C003869FF /* RecipePreviewData.swift in Sources */,
				1611E27027B0CFCD003869FF /* RecipeComponent.swift in Sources */,
			);
			runOnlyForDeploymentPostprocessing = 0;
		};
/* End PBXSourcesBuildPhase section */

/* Begin XCBuildConfiguration section */
		16315BF727A3B50200C51B63 /* Debug */ = {
			isa = XCBuildConfiguration;
			buildSettings = {
				ALWAYS_SEARCH_USER_PATHS = NO;
				CLANG_ANALYZER_NONNULL = YES;
				CLANG_ANALYZER_NUMBER_OBJECT_CONVERSION = YES_AGGRESSIVE;
				CLANG_CXX_LANGUAGE_STANDARD = "gnu++17";
				CLANG_CXX_LIBRARY = "libc++";
				CLANG_ENABLE_MODULES = YES;
				CLANG_ENABLE_OBJC_ARC = YES;
				CLANG_ENABLE_OBJC_WEAK = YES;
				CLANG_WARN_BLOCK_CAPTURE_AUTORELEASING = YES;
				CLANG_WARN_BOOL_CONVERSION = YES;
				CLANG_WARN_COMMA = YES;
				CLANG_WARN_CONSTANT_CONVERSION = YES;
				CLANG_WARN_DEPRECATED_OBJC_IMPLEMENTATIONS = YES;
				CLANG_WARN_DIRECT_OBJC_ISA_USAGE = YES_ERROR;
				CLANG_WARN_DOCUMENTATION_COMMENTS = YES;
				CLANG_WARN_EMPTY_BODY = YES;
				CLANG_WARN_ENUM_CONVERSION = YES;
				CLANG_WARN_INFINITE_RECURSION = YES;
				CLANG_WARN_INT_CONVERSION = YES;
				CLANG_WARN_NON_LITERAL_NULL_CONVERSION = YES;
				CLANG_WARN_OBJC_IMPLICIT_RETAIN_SELF = YES;
				CLANG_WARN_OBJC_LITERAL_CONVERSION = YES;
				CLANG_WARN_OBJC_ROOT_CLASS = YES_ERROR;
				CLANG_WARN_QUOTED_INCLUDE_IN_FRAMEWORK_HEADER = YES;
				CLANG_WARN_RANGE_LOOP_ANALYSIS = YES;
				CLANG_WARN_STRICT_PROTOTYPES = YES;
				CLANG_WARN_SUSPICIOUS_MOVE = YES;
				CLANG_WARN_UNGUARDED_AVAILABILITY = YES_AGGRESSIVE;
				CLANG_WARN_UNREACHABLE_CODE = YES;
				CLANG_WARN__DUPLICATE_METHOD_MATCH = YES;
				COPY_PHASE_STRIP = NO;
				DEBUG_INFORMATION_FORMAT = dwarf;
				ENABLE_STRICT_OBJC_MSGSEND = YES;
				ENABLE_TESTABILITY = YES;
				GCC_C_LANGUAGE_STANDARD = gnu11;
				GCC_DYNAMIC_NO_PIC = NO;
				GCC_NO_COMMON_BLOCKS = YES;
				GCC_OPTIMIZATION_LEVEL = 0;
				GCC_PREPROCESSOR_DEFINITIONS = (
					"DEBUG=1",
					"$(inherited)",
				);
				GCC_WARN_64_TO_32_BIT_CONVERSION = YES;
				GCC_WARN_ABOUT_RETURN_TYPE = YES_ERROR;
				GCC_WARN_UNDECLARED_SELECTOR = YES;
				GCC_WARN_UNINITIALIZED_AUTOS = YES_AGGRESSIVE;
				GCC_WARN_UNUSED_FUNCTION = YES;
				GCC_WARN_UNUSED_VARIABLE = YES;
				IPHONEOS_DEPLOYMENT_TARGET = 15.2;
				MTL_ENABLE_DEBUG_INFO = INCLUDE_SOURCE;
				MTL_FAST_MATH = YES;
				ONLY_ACTIVE_ARCH = YES;
				SDKROOT = iphoneos;
				SWIFT_ACTIVE_COMPILATION_CONDITIONS = DEBUG;
				SWIFT_OPTIMIZATION_LEVEL = "-Onone";
			};
			name = Debug;
		};
		16315BF827A3B50200C51B63 /* Release */ = {
			isa = XCBuildConfiguration;
			buildSettings = {
				ALWAYS_SEARCH_USER_PATHS = NO;
				CLANG_ANALYZER_NONNULL = YES;
				CLANG_ANALYZER_NUMBER_OBJECT_CONVERSION = YES_AGGRESSIVE;
				CLANG_CXX_LANGUAGE_STANDARD = "gnu++17";
				CLANG_CXX_LIBRARY = "libc++";
				CLANG_ENABLE_MODULES = YES;
				CLANG_ENABLE_OBJC_ARC = YES;
				CLANG_ENABLE_OBJC_WEAK = YES;
				CLANG_WARN_BLOCK_CAPTURE_AUTORELEASING = YES;
				CLANG_WARN_BOOL_CONVERSION = YES;
				CLANG_WARN_COMMA = YES;
				CLANG_WARN_CONSTANT_CONVERSION = YES;
				CLANG_WARN_DEPRECATED_OBJC_IMPLEMENTATIONS = YES;
				CLANG_WARN_DIRECT_OBJC_ISA_USAGE = YES_ERROR;
				CLANG_WARN_DOCUMENTATION_COMMENTS = YES;
				CLANG_WARN_EMPTY_BODY = YES;
				CLANG_WARN_ENUM_CONVERSION = YES;
				CLANG_WARN_INFINITE_RECURSION = YES;
				CLANG_WARN_INT_CONVERSION = YES;
				CLANG_WARN_NON_LITERAL_NULL_CONVERSION = YES;
				CLANG_WARN_OBJC_IMPLICIT_RETAIN_SELF = YES;
				CLANG_WARN_OBJC_LITERAL_CONVERSION = YES;
				CLANG_WARN_OBJC_ROOT_CLASS = YES_ERROR;
				CLANG_WARN_QUOTED_INCLUDE_IN_FRAMEWORK_HEADER = YES;
				CLANG_WARN_RANGE_LOOP_ANALYSIS = YES;
				CLANG_WARN_STRICT_PROTOTYPES = YES;
				CLANG_WARN_SUSPICIOUS_MOVE = YES;
				CLANG_WARN_UNGUARDED_AVAILABILITY = YES_AGGRESSIVE;
				CLANG_WARN_UNREACHABLE_CODE = YES;
				CLANG_WARN__DUPLICATE_METHOD_MATCH = YES;
				COPY_PHASE_STRIP = NO;
				DEBUG_INFORMATION_FORMAT = "dwarf-with-dsym";
				ENABLE_NS_ASSERTIONS = NO;
				ENABLE_STRICT_OBJC_MSGSEND = YES;
				GCC_C_LANGUAGE_STANDARD = gnu11;
				GCC_NO_COMMON_BLOCKS = YES;
				GCC_WARN_64_TO_32_BIT_CONVERSION = YES;
				GCC_WARN_ABOUT_RETURN_TYPE = YES_ERROR;
				GCC_WARN_UNDECLARED_SELECTOR = YES;
				GCC_WARN_UNINITIALIZED_AUTOS = YES_AGGRESSIVE;
				GCC_WARN_UNUSED_FUNCTION = YES;
				GCC_WARN_UNUSED_VARIABLE = YES;
				IPHONEOS_DEPLOYMENT_TARGET = 15.2;
				MTL_ENABLE_DEBUG_INFO = NO;
				MTL_FAST_MATH = YES;
				SDKROOT = iphoneos;
				SWIFT_COMPILATION_MODE = wholemodule;
				SWIFT_OPTIMIZATION_LEVEL = "-O";
				VALIDATE_PRODUCT = YES;
			};
			name = Release;
		};
		16315BFA27A3B50200C51B63 /* Debug */ = {
			isa = XCBuildConfiguration;
			buildSettings = {
				ASSETCATALOG_COMPILER_APPICON_NAME = AppIcon;
				ASSETCATALOG_COMPILER_GLOBAL_ACCENT_COLOR_NAME = AccentColor;
				CODE_SIGN_STYLE = Automatic;
				CURRENT_PROJECT_VERSION = 1;
				DEVELOPMENT_ASSET_PATHS = "\"HW2/Preview Content\"";
				ENABLE_PREVIEWS = YES;
				GENERATE_INFOPLIST_FILE = YES;
				INFOPLIST_KEY_UIApplicationSceneManifest_Generation = YES;
				INFOPLIST_KEY_UIApplicationSupportsIndirectInputEvents = YES;
				INFOPLIST_KEY_UILaunchScreen_Generation = YES;
				INFOPLIST_KEY_UISupportedInterfaceOrientations_iPad = "UIInterfaceOrientationPortrait UIInterfaceOrientationPortraitUpsideDown UIInterfaceOrientationLandscapeLeft UIInterfaceOrientationLandscapeRight";
				INFOPLIST_KEY_UISupportedInterfaceOrientations_iPhone = "UIInterfaceOrientationPortrait UIInterfaceOrientationLandscapeLeft UIInterfaceOrientationLandscapeRight";
				LD_RUNPATH_SEARCH_PATHS = (
					"$(inherited)",
					"@executable_path/Frameworks",
				);
				MARKETING_VERSION = 1.0;
				PRODUCT_BUNDLE_IDENTIFIER = edu.duke.njk24.HW2;
				PRODUCT_NAME = "$(TARGET_NAME)";
				SWIFT_EMIT_LOC_STRINGS = YES;
				SWIFT_VERSION = 5.0;
				TARGETED_DEVICE_FAMILY = "1,2";
			};
			name = Debug;
		};
		16315BFB27A3B50200C51B63 /* Release */ = {
			isa = XCBuildConfiguration;
			buildSettings = {
				ASSETCATALOG_COMPILER_APPICON_NAME = AppIcon;
				ASSETCATALOG_COMPILER_GLOBAL_ACCENT_COLOR_NAME = AccentColor;
				CODE_SIGN_STYLE = Automatic;
				CURRENT_PROJECT_VERSION = 1;
				DEVELOPMENT_ASSET_PATHS = "\"HW2/Preview Content\"";
				ENABLE_PREVIEWS = YES;
				GENERATE_INFOPLIST_FILE = YES;
				INFOPLIST_KEY_UIApplicationSceneManifest_Generation = YES;
				INFOPLIST_KEY_UIApplicationSupportsIndirectInputEvents = YES;
				INFOPLIST_KEY_UILaunchScreen_Generation = YES;
				INFOPLIST_KEY_UISupportedInterfaceOrientations_iPad = "UIInterfaceOrientationPortrait UIInterfaceOrientationPortraitUpsideDown UIInterfaceOrientationLandscapeLeft UIInterfaceOrientationLandscapeRight";
				INFOPLIST_KEY_UISupportedInterfaceOrientations_iPhone = "UIInterfaceOrientationPortrait UIInterfaceOrientationLandscapeLeft UIInterfaceOrientationLandscapeRight";
				LD_RUNPATH_SEARCH_PATHS = (
					"$(inherited)",
					"@executable_path/Frameworks",
				);
				MARKETING_VERSION = 1.0;
				PRODUCT_BUNDLE_IDENTIFIER = edu.duke.njk24.HW2;
				PRODUCT_NAME = "$(TARGET_NAME)";
				SWIFT_EMIT_LOC_STRINGS = YES;
				SWIFT_VERSION = 5.0;
				TARGETED_DEVICE_FAMILY = "1,2";
			};
			name = Release;
		};
/* End XCBuildConfiguration section */

/* Begin XCConfigurationList section */
		16315BE627A3B50100C51B63 /* Build configuration list for PBXProject "HW2" */ = {
			isa = XCConfigurationList;
			buildConfigurations = (
				16315BF727A3B50200C51B63 /* Debug */,
				16315BF827A3B50200C51B63 /* Release */,
			);
			defaultConfigurationIsVisible = 0;
			defaultConfigurationName = Release;
		};
		16315BF927A3B50200C51B63 /* Build configuration list for PBXNativeTarget "HW2" */ = {
			isa = XCConfigurationList;
			buildConfigurations = (
				16315BFA27A3B50200C51B63 /* Debug */,
				16315BFB27A3B50200C51B63 /* Release */,
			);
			defaultConfigurationIsVisible = 0;
			defaultConfigurationName = Release;
		};
/* End XCConfigurationList section */
	};
	rootObject = 16315BE327A3B50100C51B63 /* Project object */;
}
